
Microsoft Visual Studio Solution File, Format Version 12.00
# Visual Studio Version 16
VisualStudioVersion = 16.0.30517.126
MinimumVisualStudioVersion = 10.0.40219.1
Project("{FAE04EC0-301F-11D3-BF4B-00C04F79EFBC}") = "IslandOfWolfs", "IslandOfWolfs\IslandOfWolfs.csproj", "{1BC564F0-A739-4B26-A291-09790E049BD6}"
EndProject
Global
	GlobalSection(SolutionConfigurationPlatforms) = preSolution
		Debug|Any CPU = Debug|Any CPU
		Release|Any CPU = Release|Any CPU
	EndGlobalSection
	GlobalSection(ProjectConfigurationPlatforms) = postSolution
		{1BC564F0-A739-4B26-A291-09790E049BD6}.Debug|Any CPU.ActiveCfg = Debug|Any CPU
		{1BC564F0-A739-4B26-A291-09790E049BD6}.Debug|Any CPU.Build.0 = Debug|Any CPU
		{1BC564F0-A739-4B26-A291-09790E049BD6}.Release|Any CPU.ActiveCfg = Release|Any CPU
		{1BC564F0-A739-4B26-A291-09790E049BD6}.Release|Any CPU.Build.0 = Release|Any CPU
	EndGlobalSection
	GlobalSection(SolutionProperties) = preSolution
		HideSolutionNode = FALSE
	EndGlobalSection
	GlobalSection(ExtensibilityGlobals) = postSolution
		SolutionGuid = {1218E7B3-D838-4B90-ADA3-162502E45385}
	EndGlobalSection
EndGlobal
